{
    "_readme": [
        "This file locks the dependencies of your project to a known state",
        "Read more about it at https://getcomposer.org/doc/01-basic-usage.md#installing-dependencies",
        "This file is @generated automatically"
    ],
    "content-hash": "0d1581006b78b256e885dc20eb6a993a",
    "packages": [
        {
            "name": "composer/installers",
            "version": "v1.9.0",
            "source": {
                "type": "git",
                "url": "https://github.com/composer/installers.git",
                "reference": "b93bcf0fa1fccb0b7d176b0967d969691cd74cca"
            },
            "dist": {
                "type": "zip",
                "url": "https://api.github.com/repos/composer/installers/zipball/b93bcf0fa1fccb0b7d176b0967d969691cd74cca",
                "reference": "b93bcf0fa1fccb0b7d176b0967d969691cd74cca",
                "shasum": ""
            },
            "require": {
                "composer-plugin-api": "^1.0 || ^2.0"
            },
            "replace": {
                "roundcube/plugin-installer": "*",
                "shama/baton": "*"
            },
            "require-dev": {
                "composer/composer": "1.6.* || 2.0.*@dev",
                "composer/semver": "1.0.* || 2.0.*@dev",
                "phpunit/phpunit": "^4.8.36",
                "sebastian/comparator": "^1.2.4",
                "symfony/process": "^2.3"
            },
            "type": "composer-plugin",
            "extra": {
                "class": "Composer\\Installers\\Plugin",
                "branch-alias": {
                    "dev-master": "1.0-dev"
                }
            },
            "autoload": {
                "psr-4": {
                    "Composer\\Installers\\": "src/Composer/Installers"
                }
            },
            "notification-url": "https://packagist.org/downloads/",
            "license": [
                "MIT"
            ],
            "authors": [
                {
                    "name": "Kyle Robinson Young",
                    "email": "kyle@dontkry.com",
                    "homepage": "https://github.com/shama"
                }
            ],
            "description": "A multi-framework Composer library installer",
            "homepage": "https://composer.github.io/installers/",
            "keywords": [
                "Craft",
                "Dolibarr",
                "Eliasis",
                "Hurad",
                "ImageCMS",
                "Kanboard",
                "Lan Management System",
                "MODX Evo",
                "MantisBT",
                "Mautic",
                "Maya",
                "OXID",
                "Plentymarkets",
                "Porto",
                "RadPHP",
                "SMF",
                "Thelia",
                "Whmcs",
                "WolfCMS",
                "agl",
                "aimeos",
                "annotatecms",
                "attogram",
                "bitrix",
                "cakephp",
                "chef",
                "cockpit",
                "codeigniter",
                "concrete5",
                "croogo",
                "dokuwiki",
                "drupal",
                "eZ Platform",
                "elgg",
                "expressionengine",
                "fuelphp",
                "grav",
                "installer",
                "itop",
                "joomla",
                "known",
                "kohana",
                "laravel",
                "lavalite",
                "lithium",
                "magento",
                "majima",
                "mako",
                "mediawiki",
                "modulework",
                "modx",
                "moodle",
                "osclass",
                "phpbb",
                "piwik",
                "ppi",
                "puppet",
                "pxcms",
                "reindex",
                "roundcube",
                "shopware",
                "silverstripe",
                "sydes",
                "sylius",
                "symfony",
                "typo3",
                "wordpress",
                "yawik",
                "zend",
                "zikula"
            ],
            "funding": [
                {
                    "url": "https://packagist.com",
                    "type": "custom"
                },
                {
                    "url": "https://tidelift.com/funding/github/packagist/composer/composer",
                    "type": "tidelift"
                }
            ],
            "time": "2020-04-07T06:57:05+00:00"
        },
        {
            "name": "composer/semver",
            "version": "1.5.1",
            "source": {
                "type": "git",
                "url": "https://github.com/composer/semver.git",
                "reference": "c6bea70230ef4dd483e6bbcab6005f682ed3a8de"
            },
            "dist": {
                "type": "zip",
                "url": "https://api.github.com/repos/composer/semver/zipball/c6bea70230ef4dd483e6bbcab6005f682ed3a8de",
                "reference": "c6bea70230ef4dd483e6bbcab6005f682ed3a8de",
                "shasum": ""
            },
            "require": {
                "php": "^5.3.2 || ^7.0"
            },
            "require-dev": {
                "phpunit/phpunit": "^4.5 || ^5.0.5"
            },
            "type": "library",
            "extra": {
                "branch-alias": {
                    "dev-master": "1.x-dev"
                }
            },
            "autoload": {
                "psr-4": {
                    "Composer\\Semver\\": "src"
                }
            },
            "notification-url": "https://packagist.org/downloads/",
            "license": [
                "MIT"
            ],
            "authors": [
                {
                    "name": "Nils Adermann",
                    "email": "naderman@naderman.de",
                    "homepage": "http://www.naderman.de"
                },
                {
                    "name": "Jordi Boggiano",
                    "email": "j.boggiano@seld.be",
                    "homepage": "http://seld.be"
                },
                {
                    "name": "Rob Bast",
                    "email": "rob.bast@gmail.com",
                    "homepage": "http://robbast.nl"
                }
            ],
            "description": "Semver library that offers utilities, version constraint parsing and validation.",
            "keywords": [
                "semantic",
                "semver",
                "validation",
                "versioning"
            ],
            "time": "2020-01-13T12:06:48+00:00"
        },
        {
            "name": "deployer/dist",
            "version": "v6.8.0",
            "source": {
                "type": "git",
                "url": "https://github.com/deployphp/distribution.git",
                "reference": "857158fa5466d5135ce87f07fe67779b6b6a13d2"
            },
            "dist": {
                "type": "zip",
                "url": "https://api.github.com/repos/deployphp/distribution/zipball/857158fa5466d5135ce87f07fe67779b6b6a13d2",
                "reference": "857158fa5466d5135ce87f07fe67779b6b6a13d2",
                "shasum": ""
            },
            "bin": [
                "dep"
            ],
            "type": "library",
            "notification-url": "https://packagist.org/downloads/",
            "license": [
                "MIT"
            ],
            "authors": [
                {
                    "name": "Anton Medvedev",
                    "email": "anton@medv.io"
                }
            ],
            "description": "Deployer Phar Distribution",
            "homepage": "https://deployer.org",
            "time": "2020-04-25T18:48:50+00:00"
        },
        {
            "name": "mustache/mustache",
            "version": "v2.13.0",
            "source": {
                "type": "git",
                "url": "https://github.com/bobthecow/mustache.php.git",
                "reference": "e95c5a008c23d3151d59ea72484d4f72049ab7f4"
            },
            "dist": {
                "type": "zip",
                "url": "https://api.github.com/repos/bobthecow/mustache.php/zipball/e95c5a008c23d3151d59ea72484d4f72049ab7f4",
                "reference": "e95c5a008c23d3151d59ea72484d4f72049ab7f4",
                "shasum": ""
            },
            "require": {
                "php": ">=5.2.4"
            },
            "require-dev": {
                "friendsofphp/php-cs-fixer": "~1.11",
                "phpunit/phpunit": "~3.7|~4.0|~5.0"
            },
            "type": "library",
            "autoload": {
                "psr-0": {
                    "Mustache": "src/"
                }
            },
            "notification-url": "https://packagist.org/downloads/",
            "license": [
                "MIT"
            ],
            "authors": [
                {
                    "name": "Justin Hileman",
                    "email": "justin@justinhileman.info",
                    "homepage": "http://justinhileman.com"
                }
            ],
            "description": "A Mustache implementation in PHP.",
            "homepage": "https://github.com/bobthecow/mustache.php",
            "keywords": [
                "mustache",
                "templating"
            ],
            "time": "2019-11-23T21:40:31+00:00"
        },
        {
            "name": "oscarotero/env",
            "version": "v1.2.0",
            "source": {
                "type": "git",
                "url": "https://github.com/oscarotero/env.git",
                "reference": "4ab45ce5c1f2c62549208426bfa20a3d5fa008c6"
            },
            "dist": {
                "type": "zip",
                "url": "https://api.github.com/repos/oscarotero/env/zipball/4ab45ce5c1f2c62549208426bfa20a3d5fa008c6",
                "reference": "4ab45ce5c1f2c62549208426bfa20a3d5fa008c6",
                "shasum": ""
            },
            "require": {
                "ext-ctype": "*",
                "php": ">=5.2"
            },
            "type": "library",
            "autoload": {
                "psr-0": {
                    "Env": "src/"
                }
            },
            "notification-url": "https://packagist.org/downloads/",
            "license": [
                "MIT"
            ],
            "authors": [
                {
                    "name": "Oscar Otero",
                    "email": "oom@oscarotero.com",
                    "homepage": "http://oscarotero.com",
                    "role": "Developer"
                }
            ],
            "description": "Simple library to consume environment variables",
            "homepage": "https://github.com/oscarotero/env",
            "keywords": [
                "env"
            ],
            "time": "2019-04-03T18:28:43+00:00"
        },
        {
            "name": "rmccue/requests",
            "version": "v1.7.0",
            "source": {
                "type": "git",
                "url": "https://github.com/rmccue/Requests.git",
                "reference": "87932f52ffad70504d93f04f15690cf16a089546"
            },
            "dist": {
                "type": "zip",
                "url": "https://api.github.com/repos/rmccue/Requests/zipball/87932f52ffad70504d93f04f15690cf16a089546",
                "reference": "87932f52ffad70504d93f04f15690cf16a089546",
                "shasum": ""
            },
            "require": {
                "php": ">=5.2"
            },
            "require-dev": {
                "requests/test-server": "dev-master"
            },
            "type": "library",
            "autoload": {
                "psr-0": {
                    "Requests": "library/"
                }
            },
            "notification-url": "https://packagist.org/downloads/",
            "license": [
                "ISC"
            ],
            "authors": [
                {
                    "name": "Ryan McCue",
                    "homepage": "http://ryanmccue.info"
                }
            ],
            "description": "A HTTP library written in PHP, for human beings.",
            "homepage": "http://github.com/rmccue/Requests",
            "keywords": [
                "curl",
                "fsockopen",
                "http",
                "idna",
                "ipv6",
                "iri",
                "sockets"
            ],
            "time": "2016-10-13T00:11:37+00:00"
        },
        {
            "name": "roots/wp-config",
            "version": "1.0.0",
            "source": {
                "type": "git",
                "url": "https://github.com/roots/wp-config.git",
                "reference": "37c38230796119fb487fa03346ab0706ce6d4962"
            },
            "dist": {
                "type": "zip",
                "url": "https://api.github.com/repos/roots/wp-config/zipball/37c38230796119fb487fa03346ab0706ce6d4962",
                "reference": "37c38230796119fb487fa03346ab0706ce6d4962",
                "shasum": ""
            },
            "require": {
                "php": ">=5.6"
            },
            "require-dev": {
                "php-coveralls/php-coveralls": "^2.1",
                "phpunit/phpunit": "^5.7",
                "roave/security-advisories": "dev-master",
                "squizlabs/php_codesniffer": "^3.3"
            },
            "type": "library",
            "autoload": {
                "psr-4": {
                    "Roots\\WPConfig\\": "src"
                }
            },
            "notification-url": "https://packagist.org/downloads/",
            "license": [
                "MIT"
            ],
            "authors": [
                {
                    "name": "Austin Pray",
                    "email": "austin@austinpray.com"
                }
            ],
            "description": "Collect configuration values and safely define() them",
            "time": "2018-08-10T14:18:38+00:00"
        },
        {
            "name": "roots/wp-password-bcrypt",
            "version": "1.0.0",
            "source": {
                "type": "git",
                "url": "https://github.com/roots/wp-password-bcrypt.git",
                "reference": "5cecd2e98ccc3193443cc5c5db9b3bc7abed5ffa"
            },
            "dist": {
                "type": "zip",
                "url": "https://api.github.com/repos/roots/wp-password-bcrypt/zipball/5cecd2e98ccc3193443cc5c5db9b3bc7abed5ffa",
                "reference": "5cecd2e98ccc3193443cc5c5db9b3bc7abed5ffa",
                "shasum": ""
            },
            "require": {
                "composer/installers": "~1.0",
                "php": ">=5.5.0"
            },
            "require-dev": {
                "brain/monkey": "^1.3.1",
                "mockery/mockery": "^0.9.4",
                "phpunit/phpunit": "^4.8.23|^5.2.9",
                "squizlabs/php_codesniffer": "^2.5.1"
            },
            "type": "library",
            "autoload": {
                "files": [
                    "wp-password-bcrypt.php"
                ]
            },
            "notification-url": "https://packagist.org/downloads/",
            "license": [
                "MIT"
            ],
            "authors": [
                {
                    "name": "Scott Walkinshaw",
                    "email": "scott.walkinshaw@gmail.com",
                    "homepage": "https://github.com/swalkinshaw"
                },
                {
                    "name": "qwp6t",
                    "homepage": "https://github.com/qwp6t"
                },
                {
                    "name": "Jan Pingel",
                    "email": "jpingel@bitpiston.com",
                    "homepage": "http://janpingel.com"
                }
            ],
            "description": "WordPress plugin which replaces wp_hash_password and wp_check_password's phpass hasher with PHP 5.5's password_hash and password_verify using bcrypt.",
            "homepage": "https://roots.io/plugins/wp-password-bcrypt",
            "keywords": [
                "wordpress wp bcrypt password"
            ],
            "time": "2016-03-01T16:27:06+00:00"
        },
        {
            "name": "sourcebroker/deployer-extended",
            "version": "12.0.0",
            "source": {
                "type": "git",
                "url": "https://github.com/sourcebroker/deployer-extended.git",
                "reference": "1a3bacb5908b78de4288d5c85f64b11d485f52b6"
            },
            "dist": {
                "type": "zip",
                "url": "https://api.github.com/repos/sourcebroker/deployer-extended/zipball/1a3bacb5908b78de4288d5c85f64b11d485f52b6",
                "reference": "1a3bacb5908b78de4288d5c85f64b11d485f52b6",
                "shasum": ""
            },
            "require": {
                "deployer/dist": "^6.4.0",
                "sourcebroker/deployer-instance": "^2.0.0"
            },
            "type": "library",
            "autoload": {
                "psr-4": {
                    "SourceBroker\\DeployerExtended\\": "src/"
                }
            },
            "notification-url": "https://packagist.org/downloads/",
            "license": [
                "MIT"
            ],
            "authors": [
                {
                    "name": "Krystian Szymukowicz",
                    "email": "k.szymukowicz@gmail.com"
                },
                {
                    "name": "Krystian Liński",
                    "email": "krystian.linski@gmail.com"
                }
            ],
            "description": "Library with some additional tasks for deployer (deployer.org).",
            "keywords": [
                "deployer"
            ],
            "time": "2020-02-06T17:03:03+00:00"
        },
        {
            "name": "sourcebroker/deployer-extended-database",
            "version": "9.0.0",
            "source": {
                "type": "git",
                "url": "https://github.com/sourcebroker/deployer-extended-database.git",
                "reference": "19bd99ae5254b6a212793dbb8b2432a77e774bde"
            },
            "dist": {
                "type": "zip",
                "url": "https://api.github.com/repos/sourcebroker/deployer-extended-database/zipball/19bd99ae5254b6a212793dbb8b2432a77e774bde",
                "reference": "19bd99ae5254b6a212793dbb8b2432a77e774bde",
                "shasum": ""
            },
            "require": {
                "deployer/dist": "^6.4.0",
                "sourcebroker/deployer-instance": "^2.0.0",
                "sourcebroker/deployer-loader": "^2.0.0",
                "symfony/dotenv": "^3.3.0 || ^4.0"
            },
            "type": "library",
            "autoload": {
                "psr-4": {
                    "SourceBroker\\DeployerExtendedDatabase\\": "src/"
                }
            },
            "notification-url": "https://packagist.org/downloads/",
            "license": [
                "MIT"
            ],
            "authors": [
                {
                    "name": "Krystian Szymukowicz",
                    "email": "k.szymukowicz@gmail.com"
                }
            ],
            "description": "Deployer tasks to manage database synchronization between application instances.",
            "keywords": [
                "database",
                "deployer",
                "deployer.org",
                "synchronization"
            ],
            "time": "2019-11-11T17:21:44+00:00"
        },
        {
            "name": "sourcebroker/deployer-extended-media",
            "version": "6.0.3",
            "source": {
                "type": "git",
                "url": "https://github.com/sourcebroker/deployer-extended-media.git",
                "reference": "a8545956a6b993ca6540ff2c70caea53c322248f"
            },
            "dist": {
                "type": "zip",
                "url": "https://api.github.com/repos/sourcebroker/deployer-extended-media/zipball/a8545956a6b993ca6540ff2c70caea53c322248f",
                "reference": "a8545956a6b993ca6540ff2c70caea53c322248f",
                "shasum": ""
            },
            "require": {
                "deployer/dist": "^6.4.0",
                "sourcebroker/deployer-instance": "^2.0.0",
                "sourcebroker/deployer-loader": "^2.0.0"
            },
            "type": "library",
            "autoload": {
                "psr-4": {
                    "SourceBroker\\DeployerExtendedMedia\\": "src/"
                }
            },
            "notification-url": "https://packagist.org/downloads/",
            "license": [
                "MIT"
            ],
            "authors": [
                {
                    "name": "Krystian Szymukowicz",
                    "email": "k.szymukowicz@gmail.com"
                }
            ],
            "description": "Deployer tasks to manage media synchronization between application instances.",
            "keywords": [
                "deployer",
                "media",
                "synchronization"
            ],
            "time": "2020-02-13T23:34:21+00:00"
        },
        {
            "name": "sourcebroker/deployer-extended-wordpress",
            "version": "1.0.0",
            "source": {
                "type": "git",
                "url": "https://github.com/sourcebroker/deployer-extended-wordpress.git",
                "reference": "b5f5f1d4a6a87e968ccb8d426c8bf8525c18851c"
            },
            "dist": {
                "type": "zip",
                "url": "https://api.github.com/repos/sourcebroker/deployer-extended-wordpress/zipball/b5f5f1d4a6a87e968ccb8d426c8bf8525c18851c",
                "reference": "b5f5f1d4a6a87e968ccb8d426c8bf8525c18851c",
                "shasum": ""
            },
            "require": {
                "deployer/dist": "^6.6.0",
                "sourcebroker/deployer-extended": "^12.0.0",
                "sourcebroker/deployer-extended-database": "^9.0.0",
                "sourcebroker/deployer-extended-media": "^6.0.0",
                "sourcebroker/deployer-loader": "^2.0.0",
                "wp-cli/search-replace-command": "~2.0",
                "wp-cli/wp-cli": "~2.1"
            },
            "type": "library",
            "autoload": {
                "psr-4": {
                    "SourceBroker\\DeployerExtendedWordpress\\": "src/"
                }
            },
            "notification-url": "https://packagist.org/downloads/",
            "license": [
                "MIT"
            ],
            "authors": [
                {
                    "name": "Krystian Szymukowicz",
                    "email": "k.szymukowicz@gmail.com"
                },
                {
                    "name": "Karol Lamparski",
                    "email": "klamparski@gmail.com"
                }
            ],
            "description": "Deployment for WordPress with deployer.org.",
            "keywords": [
                "deployer",
                "wordpress"
            ],
            "time": "2020-02-06T17:08:02+00:00"
        },
        {
            "name": "sourcebroker/deployer-instance",
            "version": "2.0.0",
            "source": {
                "type": "git",
                "url": "https://github.com/sourcebroker/deployer-instance.git",
                "reference": "c33aed431cbcb33b11fac1bab784ae0d9991413d"
            },
            "dist": {
                "type": "zip",
                "url": "https://api.github.com/repos/sourcebroker/deployer-instance/zipball/c33aed431cbcb33b11fac1bab784ae0d9991413d",
                "reference": "c33aed431cbcb33b11fac1bab784ae0d9991413d",
                "shasum": ""
            },
            "require": {
                "deployer/dist": "^6.4.0",
                "symfony/dotenv": "^3.3.0 || ^4.0"
            },
            "type": "library",
            "autoload": {
                "psr-4": {
                    "SourceBroker\\DeployerInstance\\": "src/"
                }
            },
            "notification-url": "https://packagist.org/downloads/",
            "license": [
                "MIT"
            ],
            "authors": [
                {
                    "name": "Krystian Szymukowicz",
                    "email": "k.szymukowicz@gmail.com"
                }
            ],
            "description": "Instance management for deployer.",
            "keywords": [
                "deployer"
            ],
            "time": "2019-11-11T17:10:38+00:00"
        },
        {
            "name": "sourcebroker/deployer-loader",
            "version": "2.0.0",
            "source": {
                "type": "git",
                "url": "https://github.com/sourcebroker/deployer-loader.git",
                "reference": "fdc1629995916e6cccb61ceef46949db0bf9364c"
            },
            "dist": {
                "type": "zip",
                "url": "https://api.github.com/repos/sourcebroker/deployer-loader/zipball/fdc1629995916e6cccb61ceef46949db0bf9364c",
                "reference": "fdc1629995916e6cccb61ceef46949db0bf9364c",
                "shasum": ""
            },
            "type": "library",
            "autoload": {
                "psr-4": {
                    "SourceBroker\\DeployerLoader\\": "src/"
                }
            },
            "notification-url": "https://packagist.org/downloads/",
            "license": [
                "MIT"
            ],
            "authors": [
                {
                    "name": "Krystian Szymukowicz",
                    "email": "k.szymukowicz@gmail.com"
                }
            ],
            "description": "Autoload of vendors and autoload of deployer tasks.",
            "keywords": [
                "deployer"
            ],
            "time": "2019-11-11T16:58:06+00:00"
        },
        {
            "name": "symfony/dotenv",
            "version": "v4.4.8",
            "source": {
                "type": "git",
                "url": "https://github.com/symfony/dotenv.git",
                "reference": "a78e698cfb8aca8ef6814639eb5ffc17180a4326"
            },
            "dist": {
                "type": "zip",
                "url": "https://api.github.com/repos/symfony/dotenv/zipball/a78e698cfb8aca8ef6814639eb5ffc17180a4326",
                "reference": "a78e698cfb8aca8ef6814639eb5ffc17180a4326",
                "shasum": ""
            },
            "require": {
                "php": "^7.1.3"
            },
            "require-dev": {
                "symfony/process": "^3.4.2|^4.0|^5.0"
            },
            "type": "library",
            "extra": {
                "branch-alias": {
                    "dev-master": "4.4-dev"
                }
            },
            "autoload": {
                "psr-4": {
                    "Symfony\\Component\\Dotenv\\": ""
                },
                "exclude-from-classmap": [
                    "/Tests/"
                ]
            },
            "notification-url": "https://packagist.org/downloads/",
            "license": [
                "MIT"
            ],
            "authors": [
                {
                    "name": "Fabien Potencier",
                    "email": "fabien@symfony.com"
                },
                {
                    "name": "Symfony Community",
                    "homepage": "https://symfony.com/contributors"
                }
            ],
            "description": "Registers environment variables from a .env file",
            "homepage": "https://symfony.com",
            "keywords": [
                "dotenv",
                "env",
                "environment"
            ],
            "funding": [
                {
                    "url": "https://symfony.com/sponsor",
                    "type": "custom"
                },
                {
                    "url": "https://github.com/fabpot",
                    "type": "github"
                },
                {
                    "url": "https://tidelift.com/funding/github/packagist/symfony/symfony",
                    "type": "tidelift"
                }
            ],
            "time": "2020-03-27T16:54:36+00:00"
        },
        {
            "name": "symfony/finder",
            "version": "v5.0.8",
            "source": {
                "type": "git",
                "url": "https://github.com/symfony/finder.git",
                "reference": "600a52c29afc0d1caa74acbec8d3095ca7e9910d"
            },
            "dist": {
                "type": "zip",
                "url": "https://api.github.com/repos/symfony/finder/zipball/600a52c29afc0d1caa74acbec8d3095ca7e9910d",
                "reference": "600a52c29afc0d1caa74acbec8d3095ca7e9910d",
                "shasum": ""
            },
            "require": {
                "php": "^7.2.5"
            },
            "type": "library",
            "extra": {
                "branch-alias": {
                    "dev-master": "5.0-dev"
                }
            },
            "autoload": {
                "psr-4": {
                    "Symfony\\Component\\Finder\\": ""
                },
                "exclude-from-classmap": [
                    "/Tests/"
                ]
            },
            "notification-url": "https://packagist.org/downloads/",
            "license": [
                "MIT"
            ],
            "authors": [
                {
                    "name": "Fabien Potencier",
                    "email": "fabien@symfony.com"
                },
                {
                    "name": "Symfony Community",
                    "homepage": "https://symfony.com/contributors"
                }
            ],
            "description": "Symfony Finder Component",
            "homepage": "https://symfony.com",
            "funding": [
                {
                    "url": "https://symfony.com/sponsor",
                    "type": "custom"
                },
                {
                    "url": "https://github.com/fabpot",
                    "type": "github"
                },
                {
                    "url": "https://tidelift.com/funding/github/packagist/symfony/symfony",
                    "type": "tidelift"
                }
            ],
            "time": "2020-03-27T16:56:45+00:00"
        },
        {
            "name": "wp-cli/core-command",
            "version": "v2.0.8",
            "source": {
                "type": "git",
                "url": "https://github.com/wp-cli/core-command.git",
                "reference": "be62a9364c77a99698364a888362a8c8b9414f2f"
            },
            "dist": {
                "type": "zip",
                "url": "https://api.github.com/repos/wp-cli/core-command/zipball/be62a9364c77a99698364a888362a8c8b9414f2f",
                "reference": "be62a9364c77a99698364a888362a8c8b9414f2f",
                "shasum": ""
            },
            "require": {
                "composer/semver": "^1.4",
                "wp-cli/wp-cli": "^2.4"
            },
            "require-dev": {
                "wp-cli/checksum-command": "^1 || ^2",
                "wp-cli/db-command": "^1.3 || ^2",
                "wp-cli/entity-command": "^1.3 || ^2",
                "wp-cli/extension-command": "^1.2 || ^2",
                "wp-cli/wp-cli-tests": "^2.1"
            },
            "type": "wp-cli-package",
            "extra": {
                "branch-alias": {
                    "dev-master": "2.x-dev"
                },
                "bundled": true,
                "commands": [
                    "core",
                    "core check-update",
                    "core download",
                    "core install",
                    "core is-installed",
                    "core multisite-convert",
                    "core multisite-install",
                    "core update",
                    "core update-db",
                    "core version"
                ]
            },
            "autoload": {
                "psr-4": {
                    "": "src/"
                },
                "files": [
                    "core-command.php"
                ]
            },
            "notification-url": "https://packagist.org/downloads/",
            "license": [
                "MIT"
            ],
            "authors": [
                {
                    "name": "Daniel Bachhuber",
                    "email": "daniel@runcommand.io",
                    "homepage": "https://runcommand.io"
                }
            ],
            "description": "Downloads, installs, updates, and manages a WordPress installation.",
            "homepage": "https://github.com/wp-cli/core-command",
            "time": "2019-11-12T15:31:38+00:00"
        },
        {
            "name": "wp-cli/db-command",
            "version": "v2.0.6",
            "source": {
                "type": "git",
                "url": "https://github.com/wp-cli/db-command.git",
                "reference": "8e3cd46987241ed97ddb7f682b3505dff8d6dce4"
            },
            "dist": {
                "type": "zip",
                "url": "https://api.github.com/repos/wp-cli/db-command/zipball/8e3cd46987241ed97ddb7f682b3505dff8d6dce4",
                "reference": "8e3cd46987241ed97ddb7f682b3505dff8d6dce4",
                "shasum": ""
            },
            "require": {
                "wp-cli/wp-cli": "^2"
            },
            "require-dev": {
                "wp-cli/entity-command": "^1.3 || ^2",
                "wp-cli/wp-cli-tests": "^2.1"
            },
            "type": "wp-cli-package",
            "extra": {
                "branch-alias": {
                    "dev-master": "2.x-dev"
                },
                "bundled": true,
                "commands": [
                    "db",
                    "db clean",
                    "db create",
                    "db drop",
                    "db reset",
                    "db check",
                    "db optimize",
                    "db prefix",
                    "db repair",
                    "db cli",
                    "db query",
                    "db export",
                    "db import",
                    "db search",
                    "db tables",
                    "db size",
                    "db columns"
                ]
            },
            "autoload": {
                "psr-4": {
                    "": "src/"
                },
                "files": [
                    "db-command.php"
                ]
            },
            "notification-url": "https://packagist.org/downloads/",
            "license": [
                "MIT"
            ],
            "authors": [
                {
                    "name": "Daniel Bachhuber",
                    "email": "daniel@runcommand.io",
                    "homepage": "https://runcommand.io"
                }
            ],
            "description": "Performs basic database operations using credentials stored in wp-config.php.",
            "homepage": "https://github.com/wp-cli/db-command",
            "time": "2020-01-28T16:39:32+00:00"
        },
        {
            "name": "wp-cli/mustangostang-spyc",
            "version": "0.6.3",
            "source": {
                "type": "git",
                "url": "https://github.com/wp-cli/spyc.git",
                "reference": "6aa0b4da69ce9e9a2c8402dab8d43cf32c581cc7"
            },
            "dist": {
                "type": "zip",
                "url": "https://api.github.com/repos/wp-cli/spyc/zipball/6aa0b4da69ce9e9a2c8402dab8d43cf32c581cc7",
                "reference": "6aa0b4da69ce9e9a2c8402dab8d43cf32c581cc7",
                "shasum": ""
            },
            "require": {
                "php": ">=5.3.1"
            },
            "require-dev": {
                "phpunit/phpunit": "4.3.*@dev"
            },
            "type": "library",
            "extra": {
                "branch-alias": {
                    "dev-master": "0.5.x-dev"
                }
            },
            "autoload": {
                "psr-4": {
                    "Mustangostang\\": "src/"
                },
                "files": [
                    "includes/functions.php"
                ]
            },
            "notification-url": "https://packagist.org/downloads/",
            "license": [
                "MIT"
            ],
            "authors": [
                {
                    "name": "mustangostang",
                    "email": "vlad.andersen@gmail.com"
                }
            ],
            "description": "A simple YAML loader/dumper class for PHP (WP-CLI fork)",
            "homepage": "https://github.com/mustangostang/spyc/",
            "time": "2017-04-25T11:26:20+00:00"
        },
        {
            "name": "wp-cli/php-cli-tools",
            "version": "v0.11.11",
            "source": {
                "type": "git",
                "url": "https://github.com/wp-cli/php-cli-tools.git",
                "reference": "fe9c7c44a9e1bf2196ec51dc38da0593dbf2993f"
            },
            "dist": {
                "type": "zip",
                "url": "https://api.github.com/repos/wp-cli/php-cli-tools/zipball/fe9c7c44a9e1bf2196ec51dc38da0593dbf2993f",
                "reference": "fe9c7c44a9e1bf2196ec51dc38da0593dbf2993f",
                "shasum": ""
            },
            "require": {
                "php": ">= 5.3.0"
            },
            "type": "library",
            "autoload": {
                "psr-0": {
                    "cli": "lib/"
                },
                "files": [
                    "lib/cli/cli.php"
                ]
            },
            "notification-url": "https://packagist.org/downloads/",
            "license": [
                "MIT"
            ],
            "authors": [
                {
                    "name": "James Logsdon",
                    "email": "jlogsdon@php.net",
                    "role": "Developer"
                },
                {
                    "name": "Daniel Bachhuber",
                    "email": "daniel@handbuilt.co",
                    "role": "Maintainer"
                }
            ],
            "description": "Console utilities for PHP",
            "homepage": "http://github.com/wp-cli/php-cli-tools",
            "keywords": [
                "cli",
                "console"
            ],
            "time": "2018-09-04T13:28:00+00:00"
        },
        {
            "name": "wp-cli/search-replace-command",
            "version": "v2.0.6",
            "source": {
                "type": "git",
                "url": "https://github.com/wp-cli/search-replace-command.git",
                "reference": "f446ca1f90144b496dbacb373868118ba40df028"
            },
            "dist": {
                "type": "zip",
                "url": "https://api.github.com/repos/wp-cli/search-replace-command/zipball/f446ca1f90144b496dbacb373868118ba40df028",
                "reference": "f446ca1f90144b496dbacb373868118ba40df028",
                "shasum": ""
            },
            "require": {
                "wp-cli/wp-cli": "^2"
            },
            "require-dev": {
                "wp-cli/db-command": "^1.3 || ^2",
                "wp-cli/entity-command": "^1.3 || ^2",
                "wp-cli/extension-command": "^1.2 || ^2",
                "wp-cli/wp-cli-tests": "^2.1"
            },
            "type": "wp-cli-package",
            "extra": {
                "branch-alias": {
                    "dev-master": "2.x-dev"
                },
                "bundled": true,
                "commands": [
                    "search-replace"
                ]
            },
            "autoload": {
                "psr-4": {
                    "": "src/"
                },
                "files": [
                    "search-replace-command.php"
                ]
            },
            "notification-url": "https://packagist.org/downloads/",
            "license": [
                "MIT"
            ],
            "authors": [
                {
                    "name": "Daniel Bachhuber",
                    "email": "daniel@runcommand.io",
                    "homepage": "https://runcommand.io"
                }
            ],
            "description": "Searches/replaces strings in the database.",
            "homepage": "https://github.com/wp-cli/search-replace-command",
            "time": "2019-12-13T09:13:20+00:00"
        },
        {
            "name": "wp-cli/wp-cli",
            "version": "v2.4.1",
            "source": {
                "type": "git",
                "url": "https://github.com/wp-cli/wp-cli.git",
                "reference": "ceb18598e79befa9b2a37a51efbb34910628988b"
            },
            "dist": {
                "type": "zip",
                "url": "https://api.github.com/repos/wp-cli/wp-cli/zipball/ceb18598e79befa9b2a37a51efbb34910628988b",
                "reference": "ceb18598e79befa9b2a37a51efbb34910628988b",
                "shasum": ""
            },
            "require": {
                "ext-curl": "*",
                "mustache/mustache": "~2.13",
                "php": "^5.4 || ^7.0",
                "rmccue/requests": "~1.6",
                "symfony/finder": ">2.7",
                "wp-cli/mustangostang-spyc": "^0.6.3",
                "wp-cli/php-cli-tools": "~0.11.2"
            },
            "require-dev": {
                "roave/security-advisories": "dev-master",
                "wp-cli/db-command": "^1.3 || ^2",
                "wp-cli/entity-command": "^1.2 || ^2",
                "wp-cli/extension-command": "^1.1 || ^2",
                "wp-cli/package-command": "^1 || ^2",
                "wp-cli/wp-cli-tests": "^2.1"
            },
            "suggest": {
                "ext-readline": "Include for a better --prompt implementation",
                "ext-zip": "Needed to support extraction of ZIP archives when doing downloads or updates"
            },
            "bin": [
                "bin/wp",
                "bin/wp.bat"
            ],
            "type": "library",
            "extra": {
                "branch-alias": {
                    "dev-master": "2.4.x-dev"
                }
            },
            "autoload": {
                "psr-0": {
                    "WP_CLI": "php"
                }
            },
            "notification-url": "https://packagist.org/downloads/",
            "license": [
                "MIT"
            ],
            "description": "WP-CLI framework",
            "homepage": "https://wp-cli.org",
            "keywords": [
                "cli",
                "wordpress"
            ],
            "time": "2020-02-18T08:15:37+00:00"
        }
    ],
    "packages-dev": [],
    "aliases": [],
    "minimum-stability": "stable",
    "stability-flags": [],
    "prefer-stable": false,
    "prefer-lowest": false,
    "platform": [],
    "platform-dev": [],
    "platform-overrides": {
        "php": "7.3"
    },
    "plugin-api-version": "1.1.0"
}
